
Microsoft Visual Studio Solution File, Format Version 12.00
# Visual Studio Version 16
VisualStudioVersion = 16.0.28803.452
MinimumVisualStudioVersion = 10.0.40219.1
Project("{8BC9CEB8-8B4A-11D0-8D11-00A0C91BC942}") = "pacmanCode", "pacmanCode.vcxproj", "{7F3EDAAB-166C-4D23-8C80-6F0E4D5AD16D}"
EndProject
Project("{8BC9CEB8-8B4A-11D0-8D11-00A0C91BC942}") = "TU", "..\TU\TU.vcxproj", "{B4CCB300-A964-487B-B2C5-2A1A852E2C9A}"
EndProject
Global
	GlobalSection(SolutionConfigurationPlatforms) = preSolution
		Debug|x64 = Debug|x64
		Debug|x86 = Debug|x86
		Release|x64 = Release|x64
		Release|x86 = Release|x86
	EndGlobalSection
	GlobalSection(ProjectConfigurationPlatforms) = postSolution
		{7F3EDAAB-166C-4D23-8C80-6F0E4D5AD16D}.Debug|x64.ActiveCfg = Debug|x64
		{7F3EDAAB-166C-4D23-8C80-6F0E4D5AD16D}.Debug|x64.Build.0 = Debug|x64
		{7F3EDAAB-166C-4D23-8C80-6F0E4D5AD16D}.Debug|x86.ActiveCfg = Debug|Win32
		{7F3EDAAB-166C-4D23-8C80-6F0E4D5AD16D}.Debug|x86.Build.0 = Debug|Win32
		{7F3EDAAB-166C-4D23-8C80-6F0E4D5AD16D}.Release|x64.ActiveCfg = Release|x64
		{7F3EDAAB-166C-4D23-8C80-6F0E4D5AD16D}.Release|x64.Build.0 = Release|x64
		{7F3EDAAB-166C-4D23-8C80-6F0E4D5AD16D}.Release|x86.ActiveCfg = Release|Win32
		{7F3EDAAB-166C-4D23-8C80-6F0E4D5AD16D}.Release|x86.Build.0 = Release|Win32
		{B4CCB300-A964-487B-B2C5-2A1A852E2C9A}.Debug|x64.ActiveCfg = Debug|x64
		{B4CCB300-A964-487B-B2C5-2A1A852E2C9A}.Debug|x64.Build.0 = Debug|x64
		{B4CCB300-A964-487B-B2C5-2A1A852E2C9A}.Debug|x86.ActiveCfg = Debug|Win32
		{B4CCB300-A964-487B-B2C5-2A1A852E2C9A}.Debug|x86.Build.0 = Debug|Win32
		{B4CCB300-A964-487B-B2C5-2A1A852E2C9A}.Release|x64.ActiveCfg = Release|x64
		{B4CCB300-A964-487B-B2C5-2A1A852E2C9A}.Release|x64.Build.0 = Release|x64
		{B4CCB300-A964-487B-B2C5-2A1A852E2C9A}.Release|x86.ActiveCfg = Release|Win32
		{B4CCB300-A964-487B-B2C5-2A1A852E2C9A}.Release|x86.Build.0 = Release|Win32
	EndGlobalSection
	GlobalSection(SolutionProperties) = preSolution
		HideSolutionNode = FALSE
	EndGlobalSection
	GlobalSection(ExtensibilityGlobals) = postSolution
		SolutionGuid = {4AE2385C-EE02-4DCB-B8C3-91B1AB1B0241}
	EndGlobalSection
EndGlobal
